
Microsoft Visual Studio Solution File, Format Version 11.00
# Visual Studio 2010
Project("{FAE04EC0-301F-11D3-BF4B-00C04F79EFBC}") = "UnityEngine.UI", "UnityEngine.UI.csproj", "{935AB754-29C2-CF93-00BD-AD47D973952B}"
EndProject
Project("{FAE04EC0-301F-11D3-BF4B-00C04F79EFBC}") = "UnityEngine.TestRunner", "UnityEngine.TestRunner.csproj", "{F1F369E1-0F14-BD3E-2DFE-49AEC4E496ED}"
EndProject
Project("{FAE04EC0-301F-11D3-BF4B-00C04F79EFBC}") = "Unity.Mathematics", "Unity.Mathematics.csproj", "{6D067032-A496-6051-3761-8E97B4137BDE}"
EndProject
Project("{FAE04EC0-301F-11D3-BF4B-00C04F79EFBC}") = "Unity.InputSystem", "Unity.InputSystem.csproj", "{BC95B08E-14BB-0CB6-5C31-896B2C31B94C}"
EndProject
Project("{FAE04EC0-301F-11D3-BF4B-00C04F79EFBC}") = "Ink-Libraries", "Ink-Libraries.csproj", "{4A2408E2-9ADA-2FF7-2246-3AD874B3F950}"
EndProject
Project("{FAE04EC0-301F-11D3-BF4B-00C04F79EFBC}") = "Unity.Timeline", "Unity.Timeline.csproj", "{E4BE8390-DF53-EAF5-85E3-5D6B1C31C2BC}"
EndProject
Project("{FAE04EC0-301F-11D3-BF4B-00C04F79EFBC}") = "Unity.2D.Animation.Triangle.Runtime", "Unity.2D.Animation.Triangle.Runtime.csproj", "{76523AD7-6C72-C9C4-3B63-DB2F31743510}"
EndProject
Project("{FAE04EC0-301F-11D3-BF4B-00C04F79EFBC}") = "Unity.TextMeshPro", "Unity.TextMeshPro.csproj", "{92C9C190-DE97-46CE-23B3-9AAD937002FC}"
EndProject
Project("{FAE04EC0-301F-11D3-BF4B-00C04F79EFBC}") = "Unity.2D.Animation.Runtime", "Unity.2D.Animation.Runtime.csproj", "{CDA5A94A-3A3C-B2B8-08A1-FF9BF578C1CA}"
EndProject
Project("{FAE04EC0-301F-11D3-BF4B-00C04F79EFBC}") = "Unity.2D.IK.Runtime", "Unity.2D.IK.Runtime.csproj", "{4474B11A-4A96-D95D-91F5-8230D403FDFC}"
EndProject
Project("{FAE04EC0-301F-11D3-BF4B-00C04F79EFBC}") = "Unity.2D.SpriteShape.Runtime", "Unity.2D.SpriteShape.Runtime.csproj", "{BC2D446D-81C6-E97D-8EEB-C1592FBBDB0F}"
EndProject
Project("{FAE04EC0-301F-11D3-BF4B-00C04F79EFBC}") = "Unity.2D.PixelPerfect", "Unity.2D.PixelPerfect.csproj", "{B3C660F5-E81C-080A-7B23-94A4B735C06A}"
EndProject
Project("{FAE04EC0-301F-11D3-BF4B-00C04F79EFBC}") = "Assembly-CSharp", "Assembly-CSharp.csproj", "{2FB03169-C58F-9BD0-B9F2-1DC3FDAA552B}"
EndProject
Project("{FAE04EC0-301F-11D3-BF4B-00C04F79EFBC}") = "Unity.2D.Common.Runtime", "Unity.2D.Common.Runtime.csproj", "{EF974BA7-AB0E-D055-4BF3-C089D2DAE233}"
EndProject
Project("{FAE04EC0-301F-11D3-BF4B-00C04F79EFBC}") = "Unity.InternalAPIEngineBridge.001", "Unity.InternalAPIEngineBridge.001.csproj", "{6AB654B0-EC05-978B-BCB1-3897D46979FB}"
EndProject
Project("{FAE04EC0-301F-11D3-BF4B-00C04F79EFBC}") = "Unity.Timeline.Editor", "Unity.Timeline.Editor.csproj", "{3D4F4DC3-3D9B-CA35-4440-6C5593FBDAF6}"
EndProject
Project("{FAE04EC0-301F-11D3-BF4B-00C04F79EFBC}") = "Unity.TextMeshPro.Editor", "Unity.TextMeshPro.Editor.csproj", "{C29CD092-5BBC-BA4B-3442-CFE5ACB7A58D}"
EndProject
Project("{FAE04EC0-301F-11D3-BF4B-00C04F79EFBC}") = "Unity.2D.Animation.Editor", "Unity.2D.Animation.Editor.csproj", "{4996ABFF-A838-B703-A1B6-3A50D3DE63CE}"
EndProject
Project("{FAE04EC0-301F-11D3-BF4B-00C04F79EFBC}") = "UnityEditor.TestRunner", "UnityEditor.TestRunner.csproj", "{BC6B1FD6-D315-E2FC-C7FB-6048B6A4CDF3}"
EndProject
Project("{FAE04EC0-301F-11D3-BF4B-00C04F79EFBC}") = "Unity.PlasticSCM.Editor", "Unity.PlasticSCM.Editor.csproj", "{F05FA52A-61E2-14B7-9AA4-EB792B691E7C}"
EndProject
Project("{FAE04EC0-301F-11D3-BF4B-00C04F79EFBC}") = "UnityEditor.UI", "UnityEditor.UI.csproj", "{2D6EA441-2A7B-8FB8-3A75-B21195E02316}"
EndProject
Project("{FAE04EC0-301F-11D3-BF4B-00C04F79EFBC}") = "Unity.Services.Core.Editor", "Unity.Services.Core.Editor.csproj", "{D061481E-08CD-D566-3C62-AB1D6CEFFB6F}"
EndProject
Project("{FAE04EC0-301F-11D3-BF4B-00C04F79EFBC}") = "Unity.VisualStudio.Editor", "Unity.VisualStudio.Editor.csproj", "{12027195-A835-9CCC-1DFC-0CB8954EF487}"
EndProject
Project("{FAE04EC0-301F-11D3-BF4B-00C04F79EFBC}") = "Unity.2D.Psdimporter.Editor", "Unity.2D.Psdimporter.Editor.csproj", "{A6652F35-75F5-0B1B-2993-5E5B1AE0A6C1}"
EndProject
Project("{FAE04EC0-301F-11D3-BF4B-00C04F79EFBC}") = "Unity.2D.SpriteShape.Editor", "Unity.2D.SpriteShape.Editor.csproj", "{B66C01C0-6932-0022-B040-C4536363E52E}"
EndProject
Project("{FAE04EC0-301F-11D3-BF4B-00C04F79EFBC}") = "Unity.CollabProxy.Editor", "Unity.CollabProxy.Editor.csproj", "{BF0589E5-1064-1F49-DDE9-BEAD448695D1}"
EndProject
Project("{FAE04EC0-301F-11D3-BF4B-00C04F79EFBC}") = "PsdPlugin", "PsdPlugin.csproj", "{FD4A7E14-8E34-490D-4CC4-6F5302EB53AF}"
EndProject
Project("{FAE04EC0-301F-11D3-BF4B-00C04F79EFBC}") = "Unity.2D.Path.Editor", "Unity.2D.Path.Editor.csproj", "{E076E171-BCBA-D054-45F5-6C48E29D5983}"
EndProject
Project("{FAE04EC0-301F-11D3-BF4B-00C04F79EFBC}") = "Unity.Rider.Editor", "Unity.Rider.Editor.csproj", "{1B52E631-5902-518D-A0E8-8FECADD0D015}"
EndProject
Project("{FAE04EC0-301F-11D3-BF4B-00C04F79EFBC}") = "InkEditor", "InkEditor.csproj", "{C0A01E7F-0D49-E341-4E24-8077023D0246}"
EndProject
Project("{FAE04EC0-301F-11D3-BF4B-00C04F79EFBC}") = "Assembly-CSharp-Editor", "Assembly-CSharp-Editor.csproj", "{8F2E5D09-8C89-647B-00DD-6419E37B59FA}"
EndProject
Project("{FAE04EC0-301F-11D3-BF4B-00C04F79EFBC}") = "Unity.2D.IK.Editor", "Unity.2D.IK.Editor.csproj", "{A3CD23E7-A809-659A-C0E0-F29128109525}"
EndProject
Project("{FAE04EC0-301F-11D3-BF4B-00C04F79EFBC}") = "Unity.2D.Sprite.Editor", "Unity.2D.Sprite.Editor.csproj", "{5D1F4DD4-BA48-ED3F-D040-D1C7AADA766D}"
EndProject
Project("{FAE04EC0-301F-11D3-BF4B-00C04F79EFBC}") = "Unity.2D.Tilemap.Editor", "Unity.2D.Tilemap.Editor.csproj", "{3D8A6884-B911-3CFF-8B0B-583D7168C113}"
EndProject
Project("{FAE04EC0-301F-11D3-BF4B-00C04F79EFBC}") = "Unity.2D.PixelPerfect.Editor", "Unity.2D.PixelPerfect.Editor.csproj", "{26784179-9989-26D9-3D65-E0D69B290BE3}"
EndProject
Project("{FAE04EC0-301F-11D3-BF4B-00C04F79EFBC}") = "Unity.VSCode.Editor", "Unity.VSCode.Editor.csproj", "{29E693CA-E640-5500-E997-394FDF84114B}"
EndProject
Project("{FAE04EC0-301F-11D3-BF4B-00C04F79EFBC}") = "Unity.2D.Common.Editor", "Unity.2D.Common.Editor.csproj", "{9E9C5CA2-309E-0A53-9311-2AD92BB5DAFC}"
EndProject
Project("{FAE04EC0-301F-11D3-BF4B-00C04F79EFBC}") = "Unity.Mathematics.Editor", "Unity.Mathematics.Editor.csproj", "{85DE8841-6298-D3E9-0BF2-1D86297942B5}"
EndProject
Project("{FAE04EC0-301F-11D3-BF4B-00C04F79EFBC}") = "Unity.InternalAPIEditorBridge.001", "Unity.InternalAPIEditorBridge.001.csproj", "{B35203AB-A78A-2745-57AA-3EBC90A2C238}"
EndProject
Project("{FAE04EC0-301F-11D3-BF4B-00C04F79EFBC}") = "UnityEngine.UI.Player", "UnityEngine.UI.Player.csproj", "{C7B1611A-18EB-05E0-0B15-62AAD361E226}"
EndProject
Project("{FAE04EC0-301F-11D3-BF4B-00C04F79EFBC}") = "UnityEngine.TestRunner.Player", "UnityEngine.TestRunner.Player.csproj", "{7606F1CA-078D-6CDC-27B5-1A7A4AB9CB2A}"
EndProject
Project("{FAE04EC0-301F-11D3-BF4B-00C04F79EFBC}") = "Unity.Mathematics.Player", "Unity.Mathematics.Player.csproj", "{21BF42B7-1DE1-D2DE-7C99-F46918D72E4E}"
EndProject
Project("{FAE04EC0-301F-11D3-BF4B-00C04F79EFBC}") = "Unity.InputSystem.Player", "Unity.InputSystem.Player.csproj", "{0CD4536B-72C1-F4BC-8239-66248BC7177F}"
EndProject
Project("{FAE04EC0-301F-11D3-BF4B-00C04F79EFBC}") = "Ink-Libraries.Player", "Ink-Libraries.Player.csproj", "{69D61075-644D-1C31-1564-8AA2B68322FE}"
EndProject
Project("{FAE04EC0-301F-11D3-BF4B-00C04F79EFBC}") = "Unity.Timeline.Player", "Unity.Timeline.Player.csproj", "{DDCCA201-1A23-F626-7E40-E8A9A5EC6102}"
EndProject
Project("{FAE04EC0-301F-11D3-BF4B-00C04F79EFBC}") = "Unity.2D.Animation.Triangle.Runtime.Player", "Unity.2D.Animation.Triangle.Runtime.Player.csproj", "{5F53DF96-10E7-BA76-D543-F06829204926}"
EndProject
Project("{FAE04EC0-301F-11D3-BF4B-00C04F79EFBC}") = "Unity.TextMeshPro.Player", "Unity.TextMeshPro.Player.csproj", "{0D67C858-227D-E289-AE81-4786868176CC}"
EndProject
Project("{FAE04EC0-301F-11D3-BF4B-00C04F79EFBC}") = "Unity.2D.Animation.Runtime.Player", "Unity.2D.Animation.Runtime.Player.csproj", "{96CDEA39-D7E4-3A93-1AAF-EE83284F36ED}"
EndProject
Project("{FAE04EC0-301F-11D3-BF4B-00C04F79EFBC}") = "Unity.2D.IK.Runtime.Player", "Unity.2D.IK.Runtime.Player.csproj", "{E07DB54C-4BFD-25E1-7223-6DC20990480E}"
EndProject
Project("{FAE04EC0-301F-11D3-BF4B-00C04F79EFBC}") = "Unity.2D.SpriteShape.Runtime.Player", "Unity.2D.SpriteShape.Runtime.Player.csproj", "{096D68CB-757C-F950-0730-35B1E5A3E4E0}"
EndProject
Project("{FAE04EC0-301F-11D3-BF4B-00C04F79EFBC}") = "Unity.2D.PixelPerfect.Player", "Unity.2D.PixelPerfect.Player.csproj", "{B359D38D-3D23-8C91-7318-9FAF2F8AC569}"
EndProject
Project("{FAE04EC0-301F-11D3-BF4B-00C04F79EFBC}") = "Assembly-CSharp.Player", "Assembly-CSharp.Player.csproj", "{919A21DB-A0FC-0AA9-3D92-F85CEC1A3938}"
EndProject
Project("{FAE04EC0-301F-11D3-BF4B-00C04F79EFBC}") = "Unity.2D.Common.Runtime.Player", "Unity.2D.Common.Runtime.Player.csproj", "{FA25CBFB-3EB2-658E-6818-C755ED090044}"
EndProject
Project("{FAE04EC0-301F-11D3-BF4B-00C04F79EFBC}") = "Unity.InternalAPIEngineBridge.001.Player", "Unity.InternalAPIEngineBridge.001.Player.csproj", "{7AF7B904-DB68-3CBA-4273-E73058B2ACF8}"
EndProject
Global
	GlobalSection(SolutionConfigurationPlatforms) = preSolution
		Debug|Any CPU = Debug|Any CPU
		Release|Any CPU = Release|Any CPU
	EndGlobalSection
	GlobalSection(ProjectConfigurationPlatforms) = postSolution
		{935AB754-29C2-CF93-00BD-AD47D973952B}.Debug|Any CPU.ActiveCfg = Debug|Any CPU
		{935AB754-29C2-CF93-00BD-AD47D973952B}.Debug|Any CPU.Build.0 = Debug|Any CPU
		{935AB754-29C2-CF93-00BD-AD47D973952B}.Release|Any CPU.ActiveCfg = Release|Any CPU
		{935AB754-29C2-CF93-00BD-AD47D973952B}.Release|Any CPU.Build.0 = Release|Any CPU
		{F1F369E1-0F14-BD3E-2DFE-49AEC4E496ED}.Debug|Any CPU.ActiveCfg = Debug|Any CPU
		{F1F369E1-0F14-BD3E-2DFE-49AEC4E496ED}.Debug|Any CPU.Build.0 = Debug|Any CPU
		{F1F369E1-0F14-BD3E-2DFE-49AEC4E496ED}.Release|Any CPU.ActiveCfg = Release|Any CPU
		{F1F369E1-0F14-BD3E-2DFE-49AEC4E496ED}.Release|Any CPU.Build.0 = Release|Any CPU
		{6D067032-A496-6051-3761-8E97B4137BDE}.Debug|Any CPU.ActiveCfg = Debug|Any CPU
		{6D067032-A496-6051-3761-8E97B4137BDE}.Debug|Any CPU.Build.0 = Debug|Any CPU
		{6D067032-A496-6051-3761-8E97B4137BDE}.Release|Any CPU.ActiveCfg = Release|Any CPU
		{6D067032-A496-6051-3761-8E97B4137BDE}.Release|Any CPU.Build.0 = Release|Any CPU
		{BC95B08E-14BB-0CB6-5C31-896B2C31B94C}.Debug|Any CPU.ActiveCfg = Debug|Any CPU
		{BC95B08E-14BB-0CB6-5C31-896B2C31B94C}.Debug|Any CPU.Build.0 = Debug|Any CPU
		{BC95B08E-14BB-0CB6-5C31-896B2C31B94C}.Release|Any CPU.ActiveCfg = Release|Any CPU
		{BC95B08E-14BB-0CB6-5C31-896B2C31B94C}.Release|Any CPU.Build.0 = Release|Any CPU
		{4A2408E2-9ADA-2FF7-2246-3AD874B3F950}.Debug|Any CPU.ActiveCfg = Debug|Any CPU
		{4A2408E2-9ADA-2FF7-2246-3AD874B3F950}.Debug|Any CPU.Build.0 = Debug|Any CPU
		{4A2408E2-9ADA-2FF7-2246-3AD874B3F950}.Release|Any CPU.ActiveCfg = Release|Any CPU
		{4A2408E2-9ADA-2FF7-2246-3AD874B3F950}.Release|Any CPU.Build.0 = Release|Any CPU
		{E4BE8390-DF53-EAF5-85E3-5D6B1C31C2BC}.Debug|Any CPU.ActiveCfg = Debug|Any CPU
		{E4BE8390-DF53-EAF5-85E3-5D6B1C31C2BC}.Debug|Any CPU.Build.0 = Debug|Any CPU
		{E4BE8390-DF53-EAF5-85E3-5D6B1C31C2BC}.Release|Any CPU.ActiveCfg = Release|Any CPU
		{E4BE8390-DF53-EAF5-85E3-5D6B1C31C2BC}.Release|Any CPU.Build.0 = Release|Any CPU
		{76523AD7-6C72-C9C4-3B63-DB2F31743510}.Debug|Any CPU.ActiveCfg = Debug|Any CPU
		{76523AD7-6C72-C9C4-3B63-DB2F31743510}.Debug|Any CPU.Build.0 = Debug|Any CPU
		{76523AD7-6C72-C9C4-3B63-DB2F31743510}.Release|Any CPU.ActiveCfg = Release|Any CPU
		{76523AD7-6C72-C9C4-3B63-DB2F31743510}.Release|Any CPU.Build.0 = Release|Any CPU
		{92C9C190-DE97-46CE-23B3-9AAD937002FC}.Debug|Any CPU.ActiveCfg = Debug|Any CPU
		{92C9C190-DE97-46CE-23B3-9AAD937002FC}.Debug|Any CPU.Build.0 = Debug|Any CPU
		{92C9C190-DE97-46CE-23B3-9AAD937002FC}.Release|Any CPU.ActiveCfg = Release|Any CPU
		{92C9C190-DE97-46CE-23B3-9AAD937002FC}.Release|Any CPU.Build.0 = Release|Any CPU
		{CDA5A94A-3A3C-B2B8-08A1-FF9BF578C1CA}.Debug|Any CPU.ActiveCfg = Debug|Any CPU
		{CDA5A94A-3A3C-B2B8-08A1-FF9BF578C1CA}.Debug|Any CPU.Build.0 = Debug|Any CPU
		{CDA5A94A-3A3C-B2B8-08A1-FF9BF578C1CA}.Release|Any CPU.ActiveCfg = Release|Any CPU
		{CDA5A94A-3A3C-B2B8-08A1-FF9BF578C1CA}.Release|Any CPU.Build.0 = Release|Any CPU
		{4474B11A-4A96-D95D-91F5-8230D403FDFC}.Debug|Any CPU.ActiveCfg = Debug|Any CPU
		{4474B11A-4A96-D95D-91F5-8230D403FDFC}.Debug|Any CPU.Build.0 = Debug|Any CPU
		{4474B11A-4A96-D95D-91F5-8230D403FDFC}.Release|Any CPU.ActiveCfg = Release|Any CPU
		{4474B11A-4A96-D95D-91F5-8230D403FDFC}.Release|Any CPU.Build.0 = Release|Any CPU
		{BC2D446D-81C6-E97D-8EEB-C1592FBBDB0F}.Debug|Any CPU.ActiveCfg = Debug|Any CPU
		{BC2D446D-81C6-E97D-8EEB-C1592FBBDB0F}.Debug|Any CPU.Build.0 = Debug|Any CPU
		{BC2D446D-81C6-E97D-8EEB-C1592FBBDB0F}.Release|Any CPU.ActiveCfg = Release|Any CPU
		{BC2D446D-81C6-E97D-8EEB-C1592FBBDB0F}.Release|Any CPU.Build.0 = Release|Any CPU
		{B3C660F5-E81C-080A-7B23-94A4B735C06A}.Debug|Any CPU.ActiveCfg = Debug|Any CPU
		{B3C660F5-E81C-080A-7B23-94A4B735C06A}.Debug|Any CPU.Build.0 = Debug|Any CPU
		{B3C660F5-E81C-080A-7B23-94A4B735C06A}.Release|Any CPU.ActiveCfg = Release|Any CPU
		{B3C660F5-E81C-080A-7B23-94A4B735C06A}.Release|Any CPU.Build.0 = Release|Any CPU
		{2FB03169-C58F-9BD0-B9F2-1DC3FDAA552B}.Debug|Any CPU.ActiveCfg = Debug|Any CPU
		{2FB03169-C58F-9BD0-B9F2-1DC3FDAA552B}.Debug|Any CPU.Build.0 = Debug|Any CPU
		{2FB03169-C58F-9BD0-B9F2-1DC3FDAA552B}.Release|Any CPU.ActiveCfg = Release|Any CPU
		{2FB03169-C58F-9BD0-B9F2-1DC3FDAA552B}.Release|Any CPU.Build.0 = Release|Any CPU
		{EF974BA7-AB0E-D055-4BF3-C089D2DAE233}.Debug|Any CPU.ActiveCfg = Debug|Any CPU
		{EF974BA7-AB0E-D055-4BF3-C089D2DAE233}.Debug|Any CPU.Build.0 = Debug|Any CPU
		{EF974BA7-AB0E-D055-4BF3-C089D2DAE233}.Release|Any CPU.ActiveCfg = Release|Any CPU
		{EF974BA7-AB0E-D055-4BF3-C089D2DAE233}.Release|Any CPU.Build.0 = Release|Any CPU
		{6AB654B0-EC05-978B-BCB1-3897D46979FB}.Debug|Any CPU.ActiveCfg = Debug|Any CPU
		{6AB654B0-EC05-978B-BCB1-3897D46979FB}.Debug|Any CPU.Build.0 = Debug|Any CPU
		{6AB654B0-EC05-978B-BCB1-3897D46979FB}.Release|Any CPU.ActiveCfg = Release|Any CPU
		{6AB654B0-EC05-978B-BCB1-3897D46979FB}.Release|Any CPU.Build.0 = Release|Any CPU
		{3D4F4DC3-3D9B-CA35-4440-6C5593FBDAF6}.Debug|Any CPU.ActiveCfg = Debug|Any CPU
		{3D4F4DC3-3D9B-CA35-4440-6C5593FBDAF6}.Debug|Any CPU.Build.0 = Debug|Any CPU
		{3D4F4DC3-3D9B-CA35-4440-6C5593FBDAF6}.Release|Any CPU.ActiveCfg = Release|Any CPU
		{3D4F4DC3-3D9B-CA35-4440-6C5593FBDAF6}.Release|Any CPU.Build.0 = Release|Any CPU
		{C29CD092-5BBC-BA4B-3442-CFE5ACB7A58D}.Debug|Any CPU.ActiveCfg = Debug|Any CPU
		{C29CD092-5BBC-BA4B-3442-CFE5ACB7A58D}.Debug|Any CPU.Build.0 = Debug|Any CPU
		{C29CD092-5BBC-BA4B-3442-CFE5ACB7A58D}.Release|Any CPU.ActiveCfg = Release|Any CPU
		{C29CD092-5BBC-BA4B-3442-CFE5ACB7A58D}.Release|Any CPU.Build.0 = Release|Any CPU
		{4996ABFF-A838-B703-A1B6-3A50D3DE63CE}.Debug|Any CPU.ActiveCfg = Debug|Any CPU
		{4996ABFF-A838-B703-A1B6-3A50D3DE63CE}.Debug|Any CPU.Build.0 = Debug|Any CPU
		{4996ABFF-A838-B703-A1B6-3A50D3DE63CE}.Release|Any CPU.ActiveCfg = Release|Any CPU
		{4996ABFF-A838-B703-A1B6-3A50D3DE63CE}.Release|Any CPU.Build.0 = Release|Any CPU
		{BC6B1FD6-D315-E2FC-C7FB-6048B6A4CDF3}.Debug|Any CPU.ActiveCfg = Debug|Any CPU
		{BC6B1FD6-D315-E2FC-C7FB-6048B6A4CDF3}.Debug|Any CPU.Build.0 = Debug|Any CPU
		{BC6B1FD6-D315-E2FC-C7FB-6048B6A4CDF3}.Release|Any CPU.ActiveCfg = Release|Any CPU
		{BC6B1FD6-D315-E2FC-C7FB-6048B6A4CDF3}.Release|Any CPU.Build.0 = Release|Any CPU
		{F05FA52A-61E2-14B7-9AA4-EB792B691E7C}.Debug|Any CPU.ActiveCfg = Debug|Any CPU
		{F05FA52A-61E2-14B7-9AA4-EB792B691E7C}.Debug|Any CPU.Build.0 = Debug|Any CPU
		{F05FA52A-61E2-14B7-9AA4-EB792B691E7C}.Release|Any CPU.ActiveCfg = Release|Any CPU
		{F05FA52A-61E2-14B7-9AA4-EB792B691E7C}.Release|Any CPU.Build.0 = Release|Any CPU
		{2D6EA441-2A7B-8FB8-3A75-B21195E02316}.Debug|Any CPU.ActiveCfg = Debug|Any CPU
		{2D6EA441-2A7B-8FB8-3A75-B21195E02316}.Debug|Any CPU.Build.0 = Debug|Any CPU
		{2D6EA441-2A7B-8FB8-3A75-B21195E02316}.Release|Any CPU.ActiveCfg = Release|Any CPU
		{2D6EA441-2A7B-8FB8-3A75-B21195E02316}.Release|Any CPU.Build.0 = Release|Any CPU
		{D061481E-08CD-D566-3C62-AB1D6CEFFB6F}.Debug|Any CPU.ActiveCfg = Debug|Any CPU
		{D061481E-08CD-D566-3C62-AB1D6CEFFB6F}.Debug|Any CPU.Build.0 = Debug|Any CPU
		{D061481E-08CD-D566-3C62-AB1D6CEFFB6F}.Release|Any CPU.ActiveCfg = Release|Any CPU
		{D061481E-08CD-D566-3C62-AB1D6CEFFB6F}.Release|Any CPU.Build.0 = Release|Any CPU
		{12027195-A835-9CCC-1DFC-0CB8954EF487}.Debug|Any CPU.ActiveCfg = Debug|Any CPU
		{12027195-A835-9CCC-1DFC-0CB8954EF487}.Debug|Any CPU.Build.0 = Debug|Any CPU
		{12027195-A835-9CCC-1DFC-0CB8954EF487}.Release|Any CPU.ActiveCfg = Release|Any CPU
		{12027195-A835-9CCC-1DFC-0CB8954EF487}.Release|Any CPU.Build.0 = Release|Any CPU
		{A6652F35-75F5-0B1B-2993-5E5B1AE0A6C1}.Debug|Any CPU.ActiveCfg = Debug|Any CPU
		{A6652F35-75F5-0B1B-2993-5E5B1AE0A6C1}.Debug|Any CPU.Build.0 = Debug|Any CPU
		{A6652F35-75F5-0B1B-2993-5E5B1AE0A6C1}.Release|Any CPU.ActiveCfg = Release|Any CPU
		{A6652F35-75F5-0B1B-2993-5E5B1AE0A6C1}.Release|Any CPU.Build.0 = Release|Any CPU
		{B66C01C0-6932-0022-B040-C4536363E52E}.Debug|Any CPU.ActiveCfg = Debug|Any CPU
		{B66C01C0-6932-0022-B040-C4536363E52E}.Debug|Any CPU.Build.0 = Debug|Any CPU
		{B66C01C0-6932-0022-B040-C4536363E52E}.Release|Any CPU.ActiveCfg = Release|Any CPU
		{B66C01C0-6932-0022-B040-C4536363E52E}.Release|Any CPU.Build.0 = Release|Any CPU
		{BF0589E5-1064-1F49-DDE9-BEAD448695D1}.Debug|Any CPU.ActiveCfg = Debug|Any CPU
		{BF0589E5-1064-1F49-DDE9-BEAD448695D1}.Debug|Any CPU.Build.0 = Debug|Any CPU
		{BF0589E5-1064-1F49-DDE9-BEAD448695D1}.Release|Any CPU.ActiveCfg = Release|Any CPU
		{BF0589E5-1064-1F49-DDE9-BEAD448695D1}.Release|Any CPU.Build.0 = Release|Any CPU
		{FD4A7E14-8E34-490D-4CC4-6F5302EB53AF}.Debug|Any CPU.ActiveCfg = Debug|Any CPU
		{FD4A7E14-8E34-490D-4CC4-6F5302EB53AF}.Debug|Any CPU.Build.0 = Debug|Any CPU
		{FD4A7E14-8E34-490D-4CC4-6F5302EB53AF}.Release|Any CPU.ActiveCfg = Release|Any CPU
		{FD4A7E14-8E34-490D-4CC4-6F5302EB53AF}.Release|Any CPU.Build.0 = Release|Any CPU
		{E076E171-BCBA-D054-45F5-6C48E29D5983}.Debug|Any CPU.ActiveCfg = Debug|Any CPU
		{E076E171-BCBA-D054-45F5-6C48E29D5983}.Debug|Any CPU.Build.0 = Debug|Any CPU
		{E076E171-BCBA-D054-45F5-6C48E29D5983}.Release|Any CPU.ActiveCfg = Release|Any CPU
		{E076E171-BCBA-D054-45F5-6C48E29D5983}.Release|Any CPU.Build.0 = Release|Any CPU
		{1B52E631-5902-518D-A0E8-8FECADD0D015}.Debug|Any CPU.ActiveCfg = Debug|Any CPU
		{1B52E631-5902-518D-A0E8-8FECADD0D015}.Debug|Any CPU.Build.0 = Debug|Any CPU
		{1B52E631-5902-518D-A0E8-8FECADD0D015}.Release|Any CPU.ActiveCfg = Release|Any CPU
		{1B52E631-5902-518D-A0E8-8FECADD0D015}.Release|Any CPU.Build.0 = Release|Any CPU
		{C0A01E7F-0D49-E341-4E24-8077023D0246}.Debug|Any CPU.ActiveCfg = Debug|Any CPU
		{C0A01E7F-0D49-E341-4E24-8077023D0246}.Debug|Any CPU.Build.0 = Debug|Any CPU
		{C0A01E7F-0D49-E341-4E24-8077023D0246}.Release|Any CPU.ActiveCfg = Release|Any CPU
		{C0A01E7F-0D49-E341-4E24-8077023D0246}.Release|Any CPU.Build.0 = Release|Any CPU
		{8F2E5D09-8C89-647B-00DD-6419E37B59FA}.Debug|Any CPU.ActiveCfg = Debug|Any CPU
		{8F2E5D09-8C89-647B-00DD-6419E37B59FA}.Debug|Any CPU.Build.0 = Debug|Any CPU
		{8F2E5D09-8C89-647B-00DD-6419E37B59FA}.Release|Any CPU.ActiveCfg = Release|Any CPU
		{8F2E5D09-8C89-647B-00DD-6419E37B59FA}.Release|Any CPU.Build.0 = Release|Any CPU
		{A3CD23E7-A809-659A-C0E0-F29128109525}.Debug|Any CPU.ActiveCfg = Debug|Any CPU
		{A3CD23E7-A809-659A-C0E0-F29128109525}.Debug|Any CPU.Build.0 = Debug|Any CPU
		{A3CD23E7-A809-659A-C0E0-F29128109525}.Release|Any CPU.ActiveCfg = Release|Any CPU
		{A3CD23E7-A809-659A-C0E0-F29128109525}.Release|Any CPU.Build.0 = Release|Any CPU
		{5D1F4DD4-BA48-ED3F-D040-D1C7AADA766D}.Debug|Any CPU.ActiveCfg = Debug|Any CPU
		{5D1F4DD4-BA48-ED3F-D040-D1C7AADA766D}.Debug|Any CPU.Build.0 = Debug|Any CPU
		{5D1F4DD4-BA48-ED3F-D040-D1C7AADA766D}.Release|Any CPU.ActiveCfg = Release|Any CPU
		{5D1F4DD4-BA48-ED3F-D040-D1C7AADA766D}.Release|Any CPU.Build.0 = Release|Any CPU
		{3D8A6884-B911-3CFF-8B0B-583D7168C113}.Debug|Any CPU.ActiveCfg = Debug|Any CPU
		{3D8A6884-B911-3CFF-8B0B-583D7168C113}.Debug|Any CPU.Build.0 = Debug|Any CPU
		{3D8A6884-B911-3CFF-8B0B-583D7168C113}.Release|Any CPU.ActiveCfg = Release|Any CPU
		{3D8A6884-B911-3CFF-8B0B-583D7168C113}.Release|Any CPU.Build.0 = Release|Any CPU
		{26784179-9989-26D9-3D65-E0D69B290BE3}.Debug|Any CPU.ActiveCfg = Debug|Any CPU
		{26784179-9989-26D9-3D65-E0D69B290BE3}.Debug|Any CPU.Build.0 = Debug|Any CPU
		{26784179-9989-26D9-3D65-E0D69B290BE3}.Release|Any CPU.ActiveCfg = Release|Any CPU
		{26784179-9989-26D9-3D65-E0D69B290BE3}.Release|Any CPU.Build.0 = Release|Any CPU
		{29E693CA-E640-5500-E997-394FDF84114B}.Debug|Any CPU.ActiveCfg = Debug|Any CPU
		{29E693CA-E640-5500-E997-394FDF84114B}.Debug|Any CPU.Build.0 = Debug|Any CPU
		{29E693CA-E640-5500-E997-394FDF84114B}.Release|Any CPU.ActiveCfg = Release|Any CPU
		{29E693CA-E640-5500-E997-394FDF84114B}.Release|Any CPU.Build.0 = Release|Any CPU
		{9E9C5CA2-309E-0A53-9311-2AD92BB5DAFC}.Debug|Any CPU.ActiveCfg = Debug|Any CPU
		{9E9C5CA2-309E-0A53-9311-2AD92BB5DAFC}.Debug|Any CPU.Build.0 = Debug|Any CPU
		{9E9C5CA2-309E-0A53-9311-2AD92BB5DAFC}.Release|Any CPU.ActiveCfg = Release|Any CPU
		{9E9C5CA2-309E-0A53-9311-2AD92BB5DAFC}.Release|Any CPU.Build.0 = Release|Any CPU
		{85DE8841-6298-D3E9-0BF2-1D86297942B5}.Debug|Any CPU.ActiveCfg = Debug|Any CPU
		{85DE8841-6298-D3E9-0BF2-1D86297942B5}.Debug|Any CPU.Build.0 = Debug|Any CPU
		{85DE8841-6298-D3E9-0BF2-1D86297942B5}.Release|Any CPU.ActiveCfg = Release|Any CPU
		{85DE8841-6298-D3E9-0BF2-1D86297942B5}.Release|Any CPU.Build.0 = Release|Any CPU
		{B35203AB-A78A-2745-57AA-3EBC90A2C238}.Debug|Any CPU.ActiveCfg = Debug|Any CPU
		{B35203AB-A78A-2745-57AA-3EBC90A2C238}.Debug|Any CPU.Build.0 = Debug|Any CPU
		{B35203AB-A78A-2745-57AA-3EBC90A2C238}.Release|Any CPU.ActiveCfg = Release|Any CPU
		{B35203AB-A78A-2745-57AA-3EBC90A2C238}.Release|Any CPU.Build.0 = Release|Any CPU
		{C7B1611A-18EB-05E0-0B15-62AAD361E226}.Debug|Any CPU.ActiveCfg = Debug|Any CPU
		{C7B1611A-18EB-05E0-0B15-62AAD361E226}.Debug|Any CPU.Build.0 = Debug|Any CPU
		{C7B1611A-18EB-05E0-0B15-62AAD361E226}.Release|Any CPU.ActiveCfg = Release|Any CPU
		{C7B1611A-18EB-05E0-0B15-62AAD361E226}.Release|Any CPU.Build.0 = Release|Any CPU
		{7606F1CA-078D-6CDC-27B5-1A7A4AB9CB2A}.Debug|Any CPU.ActiveCfg = Debug|Any CPU
		{7606F1CA-078D-6CDC-27B5-1A7A4AB9CB2A}.Debug|Any CPU.Build.0 = Debug|Any CPU
		{7606F1CA-078D-6CDC-27B5-1A7A4AB9CB2A}.Release|Any CPU.ActiveCfg = Release|Any CPU
		{7606F1CA-078D-6CDC-27B5-1A7A4AB9CB2A}.Release|Any CPU.Build.0 = Release|Any CPU
		{21BF42B7-1DE1-D2DE-7C99-F46918D72E4E}.Debug|Any CPU.ActiveCfg = Debug|Any CPU
		{21BF42B7-1DE1-D2DE-7C99-F46918D72E4E}.Debug|Any CPU.Build.0 = Debug|Any CPU
		{21BF42B7-1DE1-D2DE-7C99-F46918D72E4E}.Release|Any CPU.ActiveCfg = Release|Any CPU
		{21BF42B7-1DE1-D2DE-7C99-F46918D72E4E}.Release|Any CPU.Build.0 = Release|Any CPU
		{0CD4536B-72C1-F4BC-8239-66248BC7177F}.Debug|Any CPU.ActiveCfg = Debug|Any CPU
		{0CD4536B-72C1-F4BC-8239-66248BC7177F}.Debug|Any CPU.Build.0 = Debug|Any CPU
		{0CD4536B-72C1-F4BC-8239-66248BC7177F}.Release|Any CPU.ActiveCfg = Release|Any CPU
		{0CD4536B-72C1-F4BC-8239-66248BC7177F}.Release|Any CPU.Build.0 = Release|Any CPU
		{69D61075-644D-1C31-1564-8AA2B68322FE}.Debug|Any CPU.ActiveCfg = Debug|Any CPU
		{69D61075-644D-1C31-1564-8AA2B68322FE}.Debug|Any CPU.Build.0 = Debug|Any CPU
		{69D61075-644D-1C31-1564-8AA2B68322FE}.Release|Any CPU.ActiveCfg = Release|Any CPU
		{69D61075-644D-1C31-1564-8AA2B68322FE}.Release|Any CPU.Build.0 = Release|Any CPU
		{DDCCA201-1A23-F626-7E40-E8A9A5EC6102}.Debug|Any CPU.ActiveCfg = Debug|Any CPU
		{DDCCA201-1A23-F626-7E40-E8A9A5EC6102}.Debug|Any CPU.Build.0 = Debug|Any CPU
		{DDCCA201-1A23-F626-7E40-E8A9A5EC6102}.Release|Any CPU.ActiveCfg = Release|Any CPU
		{DDCCA201-1A23-F626-7E40-E8A9A5EC6102}.Release|Any CPU.Build.0 = Release|Any CPU
		{5F53DF96-10E7-BA76-D543-F06829204926}.Debug|Any CPU.ActiveCfg = Debug|Any CPU
		{5F53DF96-10E7-BA76-D543-F06829204926}.Debug|Any CPU.Build.0 = Debug|Any CPU
		{5F53DF96-10E7-BA76-D543-F06829204926}.Release|Any CPU.ActiveCfg = Release|Any CPU
		{5F53DF96-10E7-BA76-D543-F06829204926}.Release|Any CPU.Build.0 = Release|Any CPU
		{0D67C858-227D-E289-AE81-4786868176CC}.Debug|Any CPU.ActiveCfg = Debug|Any CPU
		{0D67C858-227D-E289-AE81-4786868176CC}.Debug|Any CPU.Build.0 = Debug|Any CPU
		{0D67C858-227D-E289-AE81-4786868176CC}.Release|Any CPU.ActiveCfg = Release|Any CPU
		{0D67C858-227D-E289-AE81-4786868176CC}.Release|Any CPU.Build.0 = Release|Any CPU
		{96CDEA39-D7E4-3A93-1AAF-EE83284F36ED}.Debug|Any CPU.ActiveCfg = Debug|Any CPU
		{96CDEA39-D7E4-3A93-1AAF-EE83284F36ED}.Debug|Any CPU.Build.0 = Debug|Any CPU
		{96CDEA39-D7E4-3A93-1AAF-EE83284F36ED}.Release|Any CPU.ActiveCfg = Release|Any CPU
		{96CDEA39-D7E4-3A93-1AAF-EE83284F36ED}.Release|Any CPU.Build.0 = Release|Any CPU
		{E07DB54C-4BFD-25E1-7223-6DC20990480E}.Debug|Any CPU.ActiveCfg = Debug|Any CPU
		{E07DB54C-4BFD-25E1-7223-6DC20990480E}.Debug|Any CPU.Build.0 = Debug|Any CPU
		{E07DB54C-4BFD-25E1-7223-6DC20990480E}.Release|Any CPU.ActiveCfg = Release|Any CPU
		{E07DB54C-4BFD-25E1-7223-6DC20990480E}.Release|Any CPU.Build.0 = Release|Any CPU
		{096D68CB-757C-F950-0730-35B1E5A3E4E0}.Debug|Any CPU.ActiveCfg = Debug|Any CPU
		{096D68CB-757C-F950-0730-35B1E5A3E4E0}.Debug|Any CPU.Build.0 = Debug|Any CPU
		{096D68CB-757C-F950-0730-35B1E5A3E4E0}.Release|Any CPU.ActiveCfg = Release|Any CPU
		{096D68CB-757C-F950-0730-35B1E5A3E4E0}.Release|Any CPU.Build.0 = Release|Any CPU
		{B359D38D-3D23-8C91-7318-9FAF2F8AC569}.Debug|Any CPU.ActiveCfg = Debug|Any CPU
		{B359D38D-3D23-8C91-7318-9FAF2F8AC569}.Debug|Any CPU.Build.0 = Debug|Any CPU
		{B359D38D-3D23-8C91-7318-9FAF2F8AC569}.Release|Any CPU.ActiveCfg = Release|Any CPU
		{B359D38D-3D23-8C91-7318-9FAF2F8AC569}.Release|Any CPU.Build.0 = Release|Any CPU
		{919A21DB-A0FC-0AA9-3D92-F85CEC1A3938}.Debug|Any CPU.ActiveCfg = Debug|Any CPU
		{919A21DB-A0FC-0AA9-3D92-F85CEC1A3938}.Debug|Any CPU.Build.0 = Debug|Any CPU
		{919A21DB-A0FC-0AA9-3D92-F85CEC1A3938}.Release|Any CPU.ActiveCfg = Release|Any CPU
		{919A21DB-A0FC-0AA9-3D92-F85CEC1A3938}.Release|Any CPU.Build.0 = Release|Any CPU
		{FA25CBFB-3EB2-658E-6818-C755ED090044}.Debug|Any CPU.ActiveCfg = Debug|Any CPU
		{FA25CBFB-3EB2-658E-6818-C755ED090044}.Debug|Any CPU.Build.0 = Debug|Any CPU
		{FA25CBFB-3EB2-658E-6818-C755ED090044}.Release|Any CPU.ActiveCfg = Release|Any CPU
		{FA25CBFB-3EB2-658E-6818-C755ED090044}.Release|Any CPU.Build.0 = Release|Any CPU
		{7AF7B904-DB68-3CBA-4273-E73058B2ACF8}.Debug|Any CPU.ActiveCfg = Debug|Any CPU
		{7AF7B904-DB68-3CBA-4273-E73058B2ACF8}.Debug|Any CPU.Build.0 = Debug|Any CPU
		{7AF7B904-DB68-3CBA-4273-E73058B2ACF8}.Release|Any CPU.ActiveCfg = Release|Any CPU
		{7AF7B904-DB68-3CBA-4273-E73058B2ACF8}.Release|Any CPU.Build.0 = Release|Any CPU
	EndGlobalSection
	GlobalSection(SolutionProperties) = preSolution
		HideSolutionNode = FALSE
	EndGlobalSection
EndGlobal
